# This file is autogenerated, do not edit; changes may be undone by the next 'dep ensure'.


[[projects]]
  name = "github.com/golift/deluge"
  packages = ["."]
  revision = "84366a93ad3c72d249b6a88745e7cef4ed7627c7"
  version = "0.9.0"

[[projects]]
  name = "github.com/golift/starr"
  packages = ["."]
  revision = "318e11be5194dedec8bf996d781db3ad4604926f"
  version = "0.9.0"

[[projects]]
  branch = "master"
  name = "github.com/jagadeesh-kotra/gorar"
  packages = ["."]
  revision = "0fdbcd39d83bfd62ac7216cf1b355741c68c2d6d"

[[projects]]
  name = "github.com/naoina/go-stringutil"
  packages = ["."]
  revision = "6b638e95a32d0c1131db0e7fe83775cbea4a0d0b"
  version = "v0.1.0"

[[projects]]
  name = "github.com/naoina/toml"
  packages = [
    ".",
    "ast"
  ]
  revision = "e6f5723bf2a66af014955e0888881314cf294129"
  version = "v0.1.1"

[[projects]]
  name = "github.com/nwaples/rardecode"
  packages = ["."]
  revision = "cc3e4b2381762c56dbcdf9f93be03349a1dc1c14"
  version = "v1.0.0"

[[projects]]
  name = "github.com/ogier/pflag"
  packages = ["."]
  revision = "32a05c62658bd1d7c7e75cbc8195de5d585fde0f"
  version = "v0.0.1"

[[projects]]
  name = "github.com/pkg/errors"
  packages = ["."]
  revision = "ba968bfe8b2f7e042a574c888954fccecfa385b4"
  version = "v0.8.1"

[solve-meta]
  analyzer-name = "dep"
  analyzer-version = 1
  inputs-digest = "d85ee9286b637d520d603d485aa5fdeac5e8b7231ab53bb414cc37ad915ade1a"
  solver-name = "gps-cdcl"
  solver-version = 1
