# This file is autogenerated, do not edit; changes may be undone by the next 'dep ensure'.


[[projects]]
  digest = "1:9f3b30d9f8e0d7040f729b82dcbc8f0dead820a133b3147ce355fc451f32d761"
  name = "github.com/BurntSushi/toml"
  packages = ["."]
  pruneopts = "UT"
  revision = "3012a1dbe2e4bd1391d42b32f0577cb7bbc7f005"
  version = "v0.3.1"

[[projects]]
  branch = "master"
  digest = "1:62944449a80deca0ac8d443cdc35dd3227d25e68ef8484ea30dc56c9c74c8b3e"
  name = "github.com/jagadeesh-kotra/gorar"
  packages = ["."]
  pruneopts = "UT"
  revision = "0fdbcd39d83bfd62ac7216cf1b355741c68c2d6d"

[[projects]]
  digest = "1:b93a939355dc613ca1c23bf39f6d4c207da431a31dd8af001cc334ad24cab9d3"
  name = "github.com/nwaples/rardecode"
  packages = ["."]
  pruneopts = "UT"
  revision = "cc3e4b2381762c56dbcdf9f93be03349a1dc1c14"
  version = "v1.0.0"

[[projects]]
  digest = "1:cf31692c14422fa27c83a05292eb5cbe0fb2775972e8f1f8446a71549bd8980b"
  name = "github.com/pkg/errors"
  packages = ["."]
  pruneopts = "UT"
  revision = "ba968bfe8b2f7e042a574c888954fccecfa385b4"
  version = "v0.8.1"

[[projects]]
  digest = "1:c1b1102241e7f645bc8e0c22ae352e8f0dc6484b6cb4d132fa9f24174e0119e2"
  name = "github.com/spf13/pflag"
  packages = ["."]
  pruneopts = "UT"
  revision = "298182f68c66c05229eb03ac171abe6e309ee79a"
  version = "v1.0.3"

[[projects]]
  digest = "1:4b0d75349267b6a2b0706b0ca6a19ab83e764601e3b49a22cdcac979da48be12"
  name = "golift.io/deluge"
  packages = ["."]
  pruneopts = "UT"
  revision = "b5b0792aec34bbe9f566943839c9f845489d00fc"
  version = "v0.9.2"

[[projects]]
  digest = "1:2f0c139d166b09a51ce617baa4cd5e0d0e785622285d4db5bc75556585e7f003"
  name = "golift.io/starr"
  packages = ["."]
  pruneopts = "UT"
  revision = "d94d7c5dd77fac19e0592d5eedd5182f3c229fd6"
  version = "v0.9.1"

[solve-meta]
  analyzer-name = "dep"
  analyzer-version = 1
  input-imports = [
    "github.com/BurntSushi/toml",
    "github.com/jagadeesh-kotra/gorar",
    "github.com/spf13/pflag",
    "golift.io/deluge",
    "golift.io/starr",
  ]
  solver-name = "gps-cdcl"
  solver-version = 1
